
Microsoft Visual Studio Solution File, Format Version 12.00
# Visual Studio Version 16
VisualStudioVersion = 16.0.31702.278
MinimumVisualStudioVersion = 10.0.40219.1
Project("{FAE04EC0-301F-11D3-BF4B-00C04F79EFBC}") = "Lab2NumAnalyzer", "Lab2NumAnalyzer\Lab2NumAnalyzer.csproj", "{3F27B840-B54E-4263-B9ED-3389A534A1DF}"
EndProject
Global
	GlobalSection(SolutionConfigurationPlatforms) = preSolution
		Debug|Any CPU = Debug|Any CPU
		Release|Any CPU = Release|Any CPU
	EndGlobalSection
	GlobalSection(ProjectConfigurationPlatforms) = postSolution
		{3F27B840-B54E-4263-B9ED-3389A534A1DF}.Debug|Any CPU.ActiveCfg = Debug|Any CPU
		{3F27B840-B54E-4263-B9ED-3389A534A1DF}.Debug|Any CPU.Build.0 = Debug|Any CPU
		{3F27B840-B54E-4263-B9ED-3389A534A1DF}.Release|Any CPU.ActiveCfg = Release|Any CPU
		{3F27B840-B54E-4263-B9ED-3389A534A1DF}.Release|Any CPU.Build.0 = Release|Any CPU
	EndGlobalSection
	GlobalSection(SolutionProperties) = preSolution
		HideSolutionNode = FALSE
	EndGlobalSection
	GlobalSection(ExtensibilityGlobals) = postSolution
		SolutionGuid = {A7A72606-4EEB-486B-B640-27F646AE3B7F}
	EndGlobalSection
EndGlobal
